
Microsoft Visual Studio Solution File, Format Version 12.00
# Visual Studio Version 17
VisualStudioVersion = 17.10.35013.160
MinimumVisualStudioVersion = 10.0.40219.1
Project("{9A19103F-16F7-4668-BE54-9A1E7A4F7556}") = "MyConsoleApp", "MyConsoleApp.csproj", "{57A42F24-EBD3-45C3-90FC-B75352D4FF52}"
EndProject
Global
	GlobalSection(SolutionConfigurationPlatforms) = preSolution
		Debug|Any CPU = Debug|Any CPU
		Release|Any CPU = Release|Any CPU
	EndGlobalSection
	GlobalSection(ProjectConfigurationPlatforms) = postSolution
		{57A42F24-EBD3-45C3-90FC-B75352D4FF52}.Debug|Any CPU.ActiveCfg = Debug|Any CPU
		{57A42F24-EBD3-45C3-90FC-B75352D4FF52}.Debug|Any CPU.Build.0 = Debug|Any CPU
		{57A42F24-EBD3-45C3-90FC-B75352D4FF52}.Release|Any CPU.ActiveCfg = Release|Any CPU
		{57A42F24-EBD3-45C3-90FC-B75352D4FF52}.Release|Any CPU.Build.0 = Release|Any CPU
	EndGlobalSection
	GlobalSection(SolutionProperties) = preSolution
		HideSolutionNode = FALSE
	EndGlobalSection
	GlobalSection(ExtensibilityGlobals) = postSolution
		SolutionGuid = {1AA734B6-18D8-49F0-A09C-7A797958FA00}
	EndGlobalSection
EndGlobal
